
Microsoft Visual Studio Solution File, Format Version 12.00
# Visual Studio Version 17
VisualStudioVersion = 17.10.35004.147
MinimumVisualStudioVersion = 10.0.40219.1
Project("{9A19103F-16F7-4668-BE54-9A1E7A4F7556}") = "CSshapFeatures", "CSshapFeatures\CSshapFeatures.csproj", "{0F9491A7-0B20-45BC-A258-8AD5C162B747}"
EndProject
Project("{FAE04EC0-301F-11D3-BF4B-00C04F79EFBC}") = "ReflectionDemo", "ReflectionDemo\ReflectionDemo.csproj", "{E9A9347C-B24D-43CB-8B89-08787A1046C0}"
EndProject
Global
	GlobalSection(SolutionConfigurationPlatforms) = preSolution
		Debug|Any CPU = Debug|Any CPU
		Release|Any CPU = Release|Any CPU
	EndGlobalSection
	GlobalSection(ProjectConfigurationPlatforms) = postSolution
		{0F9491A7-0B20-45BC-A258-8AD5C162B747}.Debug|Any CPU.ActiveCfg = Debug|Any CPU
		{0F9491A7-0B20-45BC-A258-8AD5C162B747}.Debug|Any CPU.Build.0 = Debug|Any CPU
		{0F9491A7-0B20-45BC-A258-8AD5C162B747}.Release|Any CPU.ActiveCfg = Release|Any CPU
		{0F9491A7-0B20-45BC-A258-8AD5C162B747}.Release|Any CPU.Build.0 = Release|Any CPU
		{E9A9347C-B24D-43CB-8B89-08787A1046C0}.Debug|Any CPU.ActiveCfg = Debug|Any CPU
		{E9A9347C-B24D-43CB-8B89-08787A1046C0}.Debug|Any CPU.Build.0 = Debug|Any CPU
		{E9A9347C-B24D-43CB-8B89-08787A1046C0}.Release|Any CPU.ActiveCfg = Release|Any CPU
		{E9A9347C-B24D-43CB-8B89-08787A1046C0}.Release|Any CPU.Build.0 = Release|Any CPU
	EndGlobalSection
	GlobalSection(SolutionProperties) = preSolution
		HideSolutionNode = FALSE
	EndGlobalSection
	GlobalSection(ExtensibilityGlobals) = postSolution
		SolutionGuid = {F3D2F238-5895-4A5B-B9E9-601C648E3447}
	EndGlobalSection
EndGlobal
